// !$*UTF8*$!
{
	archiveVersion = 1;
	classes = {
	};
	objectVersion = 46;
	objects = {

/* Begin PBXBuildFile section */
		3E554ADD1B04BE98004F4C40 /* MenuViewController.swift in Sources */ = {isa = PBXBuildFile; fileRef = 3E554ADC1B04BE98004F4C40 /* MenuViewController.swift */; };
		3EFC2E811B03348B007F3568 /* AppDelegate.swift in Sources */ = {isa = PBXBuildFile; fileRef = 3EFC2E801B03348B007F3568 /* AppDelegate.swift */; };
		3EFC2E831B03348B007F3568 /* ViewController.swift in Sources */ = {isa = PBXBuildFile; fileRef = 3EFC2E821B03348B007F3568 /* ViewController.swift */; };
		3EFC2E861B03348B007F3568 /* Main.storyboard in Resources */ = {isa = PBXBuildFile; fileRef = 3EFC2E841B03348B007F3568 /* Main.storyboard */; };
		3EFC2E881B03348B007F3568 /* Images.xcassets in Resources */ = {isa = PBXBuildFile; fileRef = 3EFC2E871B03348B007F3568 /* Images.xcassets */; };
		3EFC2EA41B039B21007F3568 /* menu.png in Resources */ = {isa = PBXBuildFile; fileRef = 3EFC2EA31B039B21007F3568 /* menu.png */; };
		FDB934C4A56B141AA37A5FB5 /* libPods.a in Frameworks */ = {isa = PBXBuildFile; fileRef = FA546C4509B9372F79BD53F8 /* libPods.a */; };
/* End PBXBuildFile section */

/* Begin PBXFileReference section */
		3E554ADC1B04BE98004F4C40 /* MenuViewController.swift */ = {isa = PBXFileReference; fileEncoding = 4; lastKnownFileType = sourcecode.swift; path = MenuViewController.swift; sourceTree = "<group>"; };
		3EFC2E7B1B03348B007F3568 /* ZenBrowser.app */ = {isa = PBXFileReference; explicitFileType = wrapper.application; includeInIndex = 0; path = ZenBrowser.app; sourceTree = BUILT_PRODUCTS_DIR; };
		3EFC2E7F1B03348B007F3568 /* Info.plist */ = {isa = PBXFileReference; lastKnownFileType = text.plist.xml; path = Info.plist; sourceTree = "<group>"; };
		3EFC2E801B03348B007F3568 /* AppDelegate.swift */ = {isa = PBXFileReference; lastKnownFileType = sourcecode.swift; path = AppDelegate.swift; sourceTree = "<group>"; };
		3EFC2E821B03348B007F3568 /* ViewController.swift */ = {isa = PBXFileReference; lastKnownFileType = sourcecode.swift; path = ViewController.swift; sourceTree = "<group>"; };
		3EFC2E851B03348B007F3568 /* Base */ = {isa = PBXFileReference; lastKnownFileType = file.storyboard; name = Base; path = Base.lproj/Main.storyboard; sourceTree = "<group>"; };
		3EFC2E871B03348B007F3568 /* Images.xcassets */ = {isa = PBXFileReference; lastKnownFileType = folder.assetcatalog; path = Images.xcassets; sourceTree = "<group>"; };
		3EFC2EA01B038532007F3568 /* ZenBrowser-Bridging-Header.h */ = {isa = PBXFileReference; lastKnownFileType = sourcecode.c.h; path = "ZenBrowser-Bridging-Header.h"; sourceTree = SOURCE_ROOT; };
		3EFC2EA31B039B21007F3568 /* menu.png */ = {isa = PBXFileReference; lastKnownFileType = image.png; path = menu.png; sourceTree = "<group>"; };
		55204699EFE39D2EF84FA992 /* Pods.release.xcconfig */ = {isa = PBXFileReference; includeInIndex = 1; lastKnownFileType = text.xcconfig; name = Pods.release.xcconfig; path = "Pods/Target Support Files/Pods/Pods.release.xcconfig"; sourceTree = "<group>"; };
		8402C554424279EE656DC0F1 /* Pods.debug.xcconfig */ = {isa = PBXFileReference; includeInIndex = 1; lastKnownFileType = text.xcconfig; name = Pods.debug.xcconfig; path = "Pods/Target Support Files/Pods/Pods.debug.xcconfig"; sourceTree = "<group>"; };
		FA546C4509B9372F79BD53F8 /* libPods.a */ = {isa = PBXFileReference; explicitFileType = archive.ar; includeInIndex = 0; path = libPods.a; sourceTree = BUILT_PRODUCTS_DIR; };
/* End PBXFileReference section */

/* Begin PBXFrameworksBuildPhase section */
		3EFC2E781B03348B007F3568 /* Frameworks */ = {
			isa = PBXFrameworksBuildPhase;
			buildActionMask = 2147483647;
			files = (
				FDB934C4A56B141AA37A5FB5 /* libPods.a in Frameworks */,
			);
			runOnlyForDeploymentPostprocessing = 0;
		};
/* End PBXFrameworksBuildPhase section */

/* Begin PBXGroup section */
		3EFC2E721B03348B007F3568 = {
			isa = PBXGroup;
			children = (
				3EFC2E7D1B03348B007F3568 /* ZenBrowser */,
				3EFC2E7C1B03348B007F3568 /* Products */,
				9D007DEB0DF0EA45CA5E8A4B /* Pods */,
				5CE5C86FF6A694989469DBC2 /* Frameworks */,
			);
			sourceTree = "<group>";
		};
		3EFC2E7C1B03348B007F3568 /* Products */ = {
			isa = PBXGroup;
			children = (
				3EFC2E7B1B03348B007F3568 /* ZenBrowser.app */,
			);
			name = Products;
			sourceTree = "<group>";
		};
		3EFC2E7D1B03348B007F3568 /* ZenBrowser */ = {
			isa = PBXGroup;
			children = (
				3EFC2E801B03348B007F3568 /* AppDelegate.swift */,
				3EFC2E821B03348B007F3568 /* ViewController.swift */,
				3E554ADC1B04BE98004F4C40 /* MenuViewController.swift */,
				3EFC2E841B03348B007F3568 /* Main.storyboard */,
				3EFC2E871B03348B007F3568 /* Images.xcassets */,
				3EFC2E7E1B03348B007F3568 /* Supporting Files */,
			);
			path = ZenBrowser;
			sourceTree = "<group>";
		};
		3EFC2E7E1B03348B007F3568 /* Supporting Files */ = {
			isa = PBXGroup;
			children = (
				3EFC2EA31B039B21007F3568 /* menu.png */,
				3EFC2EA01B038532007F3568 /* ZenBrowser-Bridging-Header.h */,
				3EFC2E7F1B03348B007F3568 /* Info.plist */,
			);
			name = "Supporting Files";
			sourceTree = "<group>";
		};
		5CE5C86FF6A694989469DBC2 /* Frameworks */ = {
			isa = PBXGroup;
			children = (
				FA546C4509B9372F79BD53F8 /* libPods.a */,
			);
			name = Frameworks;
			sourceTree = "<group>";
		};
		9D007DEB0DF0EA45CA5E8A4B /* Pods */ = {
			isa = PBXGroup;
			children = (
				8402C554424279EE656DC0F1 /* Pods.debug.xcconfig */,
				55204699EFE39D2EF84FA992 /* Pods.release.xcconfig */,
			);
			name = Pods;
			sourceTree = "<group>";
		};
/* End PBXGroup section */

/* Begin PBXNativeTarget section */
		3EFC2E7A1B03348B007F3568 /* ZenBrowser */ = {
			isa = PBXNativeTarget;
			buildConfigurationList = 3EFC2E9A1B03348B007F3568 /* Build configuration list for PBXNativeTarget "ZenBrowser" */;
			buildPhases = (
				AAEE815C09B4C5A4B6FE17EC /* Check Pods Manifest.lock */,
				3EFC2E771B03348B007F3568 /* Sources */,
				3EFC2E781B03348B007F3568 /* Frameworks */,
				3EFC2E791B03348B007F3568 /* Resources */,
				C1B4560CA558D51359FA1CB8 /* Copy Pods Resources */,
			);
			buildRules = (
			);
			dependencies = (
			);
			name = ZenBrowser;
			productName = ZenBrowser;
			productReference = 3EFC2E7B1B03348B007F3568 /* ZenBrowser.app */;
			productType = "com.apple.product-type.application";
		};
/* End PBXNativeTarget section */

/* Begin PBXProject section */
		3EFC2E731B03348B007F3568 /* Project object */ = {
			isa = PBXProject;
			attributes = {
				LastUpgradeCheck = 0630;
				ORGANIZATIONNAME = kublaios;
				TargetAttributes = {
					3EFC2E7A1B03348B007F3568 = {
						CreatedOnToolsVersion = 6.3.1;
						DevelopmentTeam = 8S3FTRWYE7;
					};
				};
			};
			buildConfigurationList = 3EFC2E761B03348B007F3568 /* Build configuration list for PBXProject "ZenBrowser" */;
			compatibilityVersion = "Xcode 3.2";
			developmentRegion = English;
			hasScannedForEncodings = 0;
			knownRegions = (
				en,
				Base,
			);
			mainGroup = 3EFC2E721B03348B007F3568;
			productRefGroup = 3EFC2E7C1B03348B007F3568 /* Products */;
			projectDirPath = "";
			projectRoot = "";
			targets = (
				3EFC2E7A1B03348B007F3568 /* ZenBrowser */,
			);
		};
/* End PBXProject section */

/* Begin PBXResourcesBuildPhase section */
		3EFC2E791B03348B007F3568 /* Resources */ = {
			isa = PBXResourcesBuildPhase;
			buildActionMask = 2147483647;
			files = (
				3EFC2E861B03348B007F3568 /* Main.storyboard in Resources */,
				3EFC2E881B03348B007F3568 /* Images.xcassets in Resources */,
				3EFC2EA41B039B21007F3568 /* menu.png in Resources */,
			);
			runOnlyForDeploymentPostprocessing = 0;
		};
/* End PBXResourcesBuildPhase section */

/* Begin PBXShellScriptBuildPhase section */
		AAEE815C09B4C5A4B6FE17EC /* Check Pods Manifest.lock */ = {
			isa = PBXShellScriptBuildPhase;
			buildActionMask = 2147483647;
			files = (
			);
			inputPaths = (
			);
			name = "Check Pods Manifest.lock";
			outputPaths = (
			);
			runOnlyForDeploymentPostprocessing = 0;
			shellPath = /bin/sh;
			shellScript = "diff \"${PODS_ROOT}/../Podfile.lock\" \"${PODS_ROOT}/Manifest.lock\" > /dev/null\nif [[ $? != 0 ]] ; then\n    cat << EOM\nerror: The sandbox is not in sync with the Podfile.lock. Run 'pod install' or update your CocoaPods installation.\nEOM\n    exit 1\nfi\n";
			showEnvVarsInLog = 0;
		};
		C1B4560CA558D51359FA1CB8 /* Copy Pods Resources */ = {
			isa = PBXShellScriptBuildPhase;
			buildActionMask = 2147483647;
			files = (
			);
			inputPaths = (
			);
			name = "Copy Pods Resources";
			outputPaths = (
			);
			runOnlyForDeploymentPostprocessing = 0;
			shellPath = /bin/sh;
			shellScript = "\"${SRCROOT}/Pods/Target Support Files/Pods/Pods-resources.sh\"\n";
			showEnvVarsInLog = 0;
		};
/* End PBXShellScriptBuildPhase section */

/* Begin PBXSourcesBuildPhase section */
		3EFC2E771B03348B007F3568 /* Sources */ = {
			isa = PBXSourcesBuildPhase;
			buildActionMask = 2147483647;
			files = (
				3EFC2E831B03348B007F3568 /* ViewController.swift in Sources */,
				3E554ADD1B04BE98004F4C40 /* MenuViewController.swift in Sources */,
				3EFC2E811B03348B007F3568 /* AppDelegate.swift in Sources */,
			);
			runOnlyForDeploymentPostprocessing = 0;
		};
/* End PBXSourcesBuildPhase section */

/* Begin PBXVariantGroup section */
		3EFC2E841B03348B007F3568 /* Main.storyboard */ = {
			isa = PBXVariantGroup;
			children = (
				3EFC2E851B03348B007F3568 /* Base */,
			);
			name = Main.storyboard;
			sourceTree = "<group>";
		};
/* End PBXVariantGroup section */

/* Begin XCBuildConfiguration section */
		3EFC2E981B03348B007F3568 /* Debug */ = {
			isa = XCBuildConfiguration;
			buildSettings = {
				ALWAYS_SEARCH_USER_PATHS = NO;
				CLANG_CXX_LANGUAGE_STANDARD = "gnu++0x";
				CLANG_CXX_LIBRARY = "libc++";
				CLANG_ENABLE_MODULES = YES;
				CLANG_ENABLE_OBJC_ARC = YES;
				CLANG_WARN_BOOL_CONVERSION = YES;
				CLANG_WARN_CONSTANT_CONVERSION = YES;
				CLANG_WARN_DIRECT_OBJC_ISA_USAGE = YES_ERROR;
				CLANG_WARN_EMPTY_BODY = YES;
				CLANG_WARN_ENUM_CONVERSION = YES;
				CLANG_WARN_INT_CONVERSION = YES;
				CLANG_WARN_OBJC_ROOT_CLASS = YES_ERROR;
				CLANG_WARN_UNREACHABLE_CODE = YES;
				CLANG_WARN__DUPLICATE_METHOD_MATCH = YES;
				"CODE_SIGN_IDENTITY[sdk=iphoneos*]" = "iPhone Developer";
				COPY_PHASE_STRIP = NO;
				DEBUG_INFORMATION_FORMAT = "dwarf-with-dsym";
				ENABLE_STRICT_OBJC_MSGSEND = YES;
				GCC_C_LANGUAGE_STANDARD = gnu99;
				GCC_DYNAMIC_NO_PIC = NO;
				GCC_NO_COMMON_BLOCKS = YES;
				GCC_OPTIMIZATION_LEVEL = 0;
				GCC_PREPROCESSOR_DEFINITIONS = (
					"DEBUG=1",
					"$(inherited)",
				);
				GCC_SYMBOLS_PRIVATE_EXTERN = NO;
				GCC_WARN_64_TO_32_BIT_CONVERSION = YES;
				GCC_WARN_ABOUT_RETURN_TYPE = YES_ERROR;
				GCC_WARN_UNDECLARED_SELECTOR = YES;
				GCC_WARN_UNINITIALIZED_AUTOS = YES_AGGRESSIVE;
				GCC_WARN_UNUSED_FUNCTION = YES;
				GCC_WARN_UNUSED_VARIABLE = YES;
				IPHONEOS_DEPLOYMENT_TARGET = 7.0;
				MTL_ENABLE_DEBUG_INFO = YES;
				ONLY_ACTIVE_ARCH = YES;
				SDKROOT = iphoneos;
				SWIFT_OPTIMIZATION_LEVEL = "-Onone";
				TARGETED_DEVICE_FAMILY = "1,2";
			};
			name = Debug;
		};
		3EFC2E991B03348B007F3568 /* Release */ = {
			isa = XCBuildConfiguration;
			buildSettings = {
				ALWAYS_SEARCH_USER_PATHS = NO;
				CLANG_CXX_LANGUAGE_STANDARD = "gnu++0x";
				CLANG_CXX_LIBRARY = "libc++";
				CLANG_ENABLE_MODULES = YES;
				CLANG_ENABLE_OBJC_ARC = YES;
				CLANG_WARN_BOOL_CONVERSION = YES;
				CLANG_WARN_CONSTANT_CONVERSION = YES;
				CLANG_WARN_DIRECT_OBJC_ISA_USAGE = YES_ERROR;
				CLANG_WARN_EMPTY_BODY = YES;
				CLANG_WARN_ENUM_CONVERSION = YES;
				CLANG_WARN_INT_CONVERSION = YES;
				CLANG_WARN_OBJC_ROOT_CLASS = YES_ERROR;
				CLANG_WARN_UNREACHABLE_CODE = YES;
				CLANG_WARN__DUPLICATE_METHOD_MATCH = YES;
				"CODE_SIGN_IDENTITY[sdk=iphoneos*]" = "iPhone Developer";
				COPY_PHASE_STRIP = NO;
				DEBUG_INFORMATION_FORMAT = "dwarf-with-dsym";
				ENABLE_NS_ASSERTIONS = NO;
				ENABLE_STRICT_OBJC_MSGSEND = YES;
				GCC_C_LANGUAGE_STANDARD = gnu99;
				GCC_NO_COMMON_BLOCKS = YES;
				GCC_WARN_64_TO_32_BIT_CONVERSION = YES;
				GCC_WARN_ABOUT_RETURN_TYPE = YES_ERROR;
				GCC_WARN_UNDECLARED_SELECTOR = YES;
				GCC_WARN_UNINITIALIZED_AUTOS = YES_AGGRESSIVE;
				GCC_WARN_UNUSED_FUNCTION = YES;
				GCC_WARN_UNUSED_VARIABLE = YES;
				IPHONEOS_DEPLOYMENT_TARGET = 7.0;
				MTL_ENABLE_DEBUG_INFO = NO;
				SDKROOT = iphoneos;
				TARGETED_DEVICE_FAMILY = "1,2";
				VALIDATE_PRODUCT = YES;
			};
			name = Release;
		};
		3EFC2E9B1B03348B007F3568 /* Debug */ = {
			isa = XCBuildConfiguration;
			baseConfigurationReference = 8402C554424279EE656DC0F1 /* Pods.debug.xcconfig */;
			buildSettings = {
				ASSETCATALOG_COMPILER_APPICON_NAME = AppIcon;
				ASSETCATALOG_COMPILER_LAUNCHIMAGE_NAME = LaunchImage;
				CLANG_ENABLE_MODULES = YES;
				CODE_SIGN_IDENTITY = "iPhone Developer";
				INFOPLIST_FILE = ZenBrowser/Info.plist;
				IPHONEOS_DEPLOYMENT_TARGET = 7.0;
				LD_RUNPATH_SEARCH_PATHS = "$(inherited) @executable_path/Frameworks";
				PRODUCT_NAME = "$(TARGET_NAME)";
				SWIFT_OBJC_BRIDGING_HEADER = "ZenBrowser-Bridging-Header.h";
				SWIFT_OPTIMIZATION_LEVEL = "-Onone";
			};
			name = Debug;
		};
		3EFC2E9C1B03348B007F3568 /* Release */ = {
			isa = XCBuildConfiguration;
			baseConfigurationReference = 55204699EFE39D2EF84FA992 /* Pods.release.xcconfig */;
			buildSettings = {
				ASSETCATALOG_COMPILER_APPICON_NAME = AppIcon;
				ASSETCATALOG_COMPILER_LAUNCHIMAGE_NAME = LaunchImage;
				CLANG_ENABLE_MODULES = YES;
				CODE_SIGN_IDENTITY = "iPhone Developer";
				INFOPLIST_FILE = ZenBrowser/Info.plist;
				IPHONEOS_DEPLOYMENT_TARGET = 7.0;
				LD_RUNPATH_SEARCH_PATHS = "$(inherited) @executable_path/Frameworks";
				PRODUCT_NAME = "$(TARGET_NAME)";
				SWIFT_OBJC_BRIDGING_HEADER = "ZenBrowser-Bridging-Header.h";
			};
			name = Release;
		};
/* End XCBuildConfiguration section */

/* Begin XCConfigurationList section */
		3EFC2E761B03348B007F3568 /* Build configuration list for PBXProject "ZenBrowser" */ = {
			isa = XCConfigurationList;
			buildConfigurations = (
				3EFC2E981B03348B007F3568 /* Debug */,
				3EFC2E991B03348B007F3568 /* Release */,
			);
			defaultConfigurationIsVisible = 0;
			defaultConfigurationName = Release;
		};
		3EFC2E9A1B03348B007F3568 /* Build configuration list for PBXNativeTarget "ZenBrowser" */ = {
			isa = XCConfigurationList;
			buildConfigurations = (
				3EFC2E9B1B03348B007F3568 /* Debug */,
				3EFC2E9C1B03348B007F3568 /* Release */,
			);
			defaultConfigurationIsVisible = 0;
			defaultConfigurationName = Release;
		};
/* End XCConfigurationList section */
	};
	rootObject = 3EFC2E731B03348B007F3568 /* Project object */;
}
